
Microsoft Visual Studio Solution File, Format Version 10.00
# Visual C++ Express 2008
Project("{8BC9CEB8-8B4A-11D0-8D11-00A0C91BC942}") = "g711llc", "g711llc_vc9.vcproj", "{30BA8C12-7B75-480B-BE20-3E78F5EE4EFF}"
EndProject
Global
	GlobalSection(SolutionConfigurationPlatforms) = preSolution
		Debug|Win32 = Debug|Win32
		Release|Win32 = Release|Win32
	EndGlobalSection
	GlobalSection(ProjectConfigurationPlatforms) = postSolution
		{30BA8C12-7B75-480B-BE20-3E78F5EE4EFF}.Debug|Win32.ActiveCfg = Debug|Win32
		{30BA8C12-7B75-480B-BE20-3E78F5EE4EFF}.Debug|Win32.Build.0 = Debug|Win32
		{30BA8C12-7B75-480B-BE20-3E78F5EE4EFF}.Release|Win32.ActiveCfg = Release|Win32
		{30BA8C12-7B75-480B-BE20-3E78F5EE4EFF}.Release|Win32.Build.0 = Release|Win32
	EndGlobalSection
	GlobalSection(SolutionProperties) = preSolution
		HideSolutionNode = FALSE
	EndGlobalSection
EndGlobal
